
Microsoft Visual Studio Solution File, Format Version 12.00
# Visual Studio Version 17
VisualStudioVersion = 17.9.34714.143
MinimumVisualStudioVersion = 10.0.40219.1
Project("{8BC9CEB8-8B4A-11D0-8D11-00A0C91BC942}") = "OOP", "OOP\OOP.vcxproj", "{AF0FFDAE-5CD5-45FC-876A-0C12645AD548}"
EndProject
Project("{8BC9CEB8-8B4A-11D0-8D11-00A0C91BC942}") = "OOP2", "OOP2\OOP2.vcxproj", "{8E86A635-E0D2-49AB-999E-E343D93D0E69}"
EndProject
Global
	GlobalSection(SolutionConfigurationPlatforms) = preSolution
		Debug|x64 = Debug|x64
		Debug|x86 = Debug|x86
		Release|x64 = Release|x64
		Release|x86 = Release|x86
	EndGlobalSection
	GlobalSection(ProjectConfigurationPlatforms) = postSolution
		{AF0FFDAE-5CD5-45FC-876A-0C12645AD548}.Debug|x64.ActiveCfg = Debug|x64
		{AF0FFDAE-5CD5-45FC-876A-0C12645AD548}.Debug|x64.Build.0 = Debug|x64
		{AF0FFDAE-5CD5-45FC-876A-0C12645AD548}.Debug|x86.ActiveCfg = Debug|Win32
		{AF0FFDAE-5CD5-45FC-876A-0C12645AD548}.Debug|x86.Build.0 = Debug|Win32
		{AF0FFDAE-5CD5-45FC-876A-0C12645AD548}.Release|x64.ActiveCfg = Release|x64
		{AF0FFDAE-5CD5-45FC-876A-0C12645AD548}.Release|x64.Build.0 = Release|x64
		{AF0FFDAE-5CD5-45FC-876A-0C12645AD548}.Release|x86.ActiveCfg = Release|Win32
		{AF0FFDAE-5CD5-45FC-876A-0C12645AD548}.Release|x86.Build.0 = Release|Win32
		{8E86A635-E0D2-49AB-999E-E343D93D0E69}.Debug|x64.ActiveCfg = Debug|x64
		{8E86A635-E0D2-49AB-999E-E343D93D0E69}.Debug|x64.Build.0 = Debug|x64
		{8E86A635-E0D2-49AB-999E-E343D93D0E69}.Debug|x86.ActiveCfg = Debug|Win32
		{8E86A635-E0D2-49AB-999E-E343D93D0E69}.Debug|x86.Build.0 = Debug|Win32
		{8E86A635-E0D2-49AB-999E-E343D93D0E69}.Release|x64.ActiveCfg = Release|x64
		{8E86A635-E0D2-49AB-999E-E343D93D0E69}.Release|x64.Build.0 = Release|x64
		{8E86A635-E0D2-49AB-999E-E343D93D0E69}.Release|x86.ActiveCfg = Release|Win32
		{8E86A635-E0D2-49AB-999E-E343D93D0E69}.Release|x86.Build.0 = Release|Win32
	EndGlobalSection
	GlobalSection(SolutionProperties) = preSolution
		HideSolutionNode = FALSE
	EndGlobalSection
	GlobalSection(ExtensibilityGlobals) = postSolution
		SolutionGuid = {DDE5B20D-2F2C-44C0-A117-208B0B8827D6}
	EndGlobalSection
EndGlobal
